// !$*UTF8*$!
{
	archiveVersion = 1;
	classes = {
	};
	objectVersion = 56;
	objects = {

/* Begin PBXBuildFile section */
		E724ED6729A503CB00DE3856 /* MainTabbarController.swift in Sources */ = {isa = PBXBuildFile; fileRef = E724ED6629A503CB00DE3856 /* MainTabbarController.swift */; };
		E724ED6929A5094A00DE3856 /* CategoryScreen.swift in Sources */ = {isa = PBXBuildFile; fileRef = E724ED6829A5094A00DE3856 /* CategoryScreen.swift */; };
		E724ED6B29A52E9C00DE3856 /* CategoryDetailScreen.swift in Sources */ = {isa = PBXBuildFile; fileRef = E724ED6A29A52E9C00DE3856 /* CategoryDetailScreen.swift */; };
		E724ED6D29A5385800DE3856 /* AuthorDetailScreen.swift in Sources */ = {isa = PBXBuildFile; fileRef = E724ED6C29A5385800DE3856 /* AuthorDetailScreen.swift */; };
		E724ED6F29A5688700DE3856 /* SignUpScreen.swift in Sources */ = {isa = PBXBuildFile; fileRef = E724ED6E29A5688700DE3856 /* SignUpScreen.swift */; };
		E724ED7129A568A000DE3856 /* LoginScreen.swift in Sources */ = {isa = PBXBuildFile; fileRef = E724ED7029A568A000DE3856 /* LoginScreen.swift */; };
		E724ED7329A56F7900DE3856 /* CustomTextField.swift in Sources */ = {isa = PBXBuildFile; fileRef = E724ED7229A56F7900DE3856 /* CustomTextField.swift */; };
		E724ED7529A57CF400DE3856 /* CustomLoginButton.swift in Sources */ = {isa = PBXBuildFile; fileRef = E724ED7429A57CF400DE3856 /* CustomLoginButton.swift */; };
		E724ED7729A5846000DE3856 /* AuthService.swift in Sources */ = {isa = PBXBuildFile; fileRef = E724ED7629A5846000DE3856 /* AuthService.swift */; };
		E72D955629AA5D24003DFF1A /* CartBook.swift in Sources */ = {isa = PBXBuildFile; fileRef = E72D955529AA5D24003DFF1A /* CartBook.swift */; };
		E72D955829AAB587003DFF1A /* ProfileScreen.swift in Sources */ = {isa = PBXBuildFile; fileRef = E72D955729AAB587003DFF1A /* ProfileScreen.swift */; };
		E72D955B29AAD37F003DFF1A /* FavoritedScreen.swift in Sources */ = {isa = PBXBuildFile; fileRef = E72D955A29AAD37F003DFF1A /* FavoritedScreen.swift */; };
		E790282529A3C2D30077E881 /* AppDelegate.swift in Sources */ = {isa = PBXBuildFile; fileRef = E790282429A3C2D30077E881 /* AppDelegate.swift */; };
		E790282729A3C2D30077E881 /* SceneDelegate.swift in Sources */ = {isa = PBXBuildFile; fileRef = E790282629A3C2D30077E881 /* SceneDelegate.swift */; };
		E790282929A3C2D30077E881 /* ViewController.swift in Sources */ = {isa = PBXBuildFile; fileRef = E790282829A3C2D30077E881 /* ViewController.swift */; };
		E790282E29A3C2D40077E881 /* Assets.xcassets in Resources */ = {isa = PBXBuildFile; fileRef = E790282D29A3C2D40077E881 /* Assets.xcassets */; };
		E790283129A3C2D40077E881 /* LaunchScreen.storyboard in Resources */ = {isa = PBXBuildFile; fileRef = E790282F29A3C2D40077E881 /* LaunchScreen.storyboard */; };
		E790283A29A3C3610077E881 /* FirebaseAuth in Frameworks */ = {isa = PBXBuildFile; productRef = E790283929A3C3610077E881 /* FirebaseAuth */; };
		E790283C29A3C3610077E881 /* FirebaseAuthCombine-Community in Frameworks */ = {isa = PBXBuildFile; productRef = E790283B29A3C3610077E881 /* FirebaseAuthCombine-Community */; };
		E790283E29A3C3610077E881 /* FirebaseDatabase in Frameworks */ = {isa = PBXBuildFile; productRef = E790283D29A3C3610077E881 /* FirebaseDatabase */; };
		E790284029A3C3610077E881 /* FirebaseDatabaseSwift in Frameworks */ = {isa = PBXBuildFile; productRef = E790283F29A3C3610077E881 /* FirebaseDatabaseSwift */; };
		E790284229A3C3610077E881 /* FirebaseFirestore in Frameworks */ = {isa = PBXBuildFile; productRef = E790284129A3C3610077E881 /* FirebaseFirestore */; };
		E790284429A3C3610077E881 /* FirebaseFirestoreCombine-Community in Frameworks */ = {isa = PBXBuildFile; productRef = E790284329A3C3610077E881 /* FirebaseFirestoreCombine-Community */; };
		E790284629A3C3610077E881 /* FirebaseFirestoreSwift in Frameworks */ = {isa = PBXBuildFile; productRef = E790284529A3C3610077E881 /* FirebaseFirestoreSwift */; };
		E790284829A3C3610077E881 /* FirebaseFunctions in Frameworks */ = {isa = PBXBuildFile; productRef = E790284729A3C3610077E881 /* FirebaseFunctions */; };
		E790284A29A3C3610077E881 /* FirebaseFunctionsCombine-Community in Frameworks */ = {isa = PBXBuildFile; productRef = E790284929A3C3610077E881 /* FirebaseFunctionsCombine-Community */; };
		E790284C29A3C3610077E881 /* FirebaseStorage in Frameworks */ = {isa = PBXBuildFile; productRef = E790284B29A3C3610077E881 /* FirebaseStorage */; };
		E790284E29A3C3610077E881 /* FirebaseStorageCombine-Community in Frameworks */ = {isa = PBXBuildFile; productRef = E790284D29A3C3610077E881 /* FirebaseStorageCombine-Community */; };
		E790285129A3C3850077E881 /* JGProgressHUD in Frameworks */ = {isa = PBXBuildFile; productRef = E790285029A3C3850077E881 /* JGProgressHUD */; };
		E790285429A3C3B50077E881 /* SDWebImage in Frameworks */ = {isa = PBXBuildFile; productRef = E790285329A3C3B50077E881 /* SDWebImage */; };
		E790285629A3C3B50077E881 /* SDWebImageMapKit in Frameworks */ = {isa = PBXBuildFile; productRef = E790285529A3C3B50077E881 /* SDWebImageMapKit */; };
		E790285829A3C40A0077E881 /* GoogleService-Info.plist in Resources */ = {isa = PBXBuildFile; fileRef = E790285729A3C4090077E881 /* GoogleService-Info.plist */; };
		E790286229A3D8EB0077E881 /* BookCollectionView.swift in Sources */ = {isa = PBXBuildFile; fileRef = E790286129A3D8EB0077E881 /* BookCollectionView.swift */; };
		E790286429A3E1430077E881 /* BookCell.swift in Sources */ = {isa = PBXBuildFile; fileRef = E790286329A3E1430077E881 /* BookCell.swift */; };
		E790286629A3E9150077E881 /* Ext+UIView.swift in Sources */ = {isa = PBXBuildFile; fileRef = E790286529A3E9150077E881 /* Ext+UIView.swift */; };
		E790286829A409960077E881 /* data.json in Resources */ = {isa = PBXBuildFile; fileRef = E790286729A409960077E881 /* data.json */; };
		E790286A29A409F20077E881 /* Book.swift in Sources */ = {isa = PBXBuildFile; fileRef = E790286929A409F20077E881 /* Book.swift */; };
		E790287229A40E720077E881 /* BookService.swift in Sources */ = {isa = PBXBuildFile; fileRef = E790287129A40E720077E881 /* BookService.swift */; };
		E790287429A422860077E881 /* BookDetailPage.swift in Sources */ = {isa = PBXBuildFile; fileRef = E790287329A422860077E881 /* BookDetailPage.swift */; };
		E790287629A423590077E881 /* Bindable.swift in Sources */ = {isa = PBXBuildFile; fileRef = E790287529A423590077E881 /* Bindable.swift */; };
		E7D5BDF129A6C7F300EAE1FF /* User.swift in Sources */ = {isa = PBXBuildFile; fileRef = E7D5BDF029A6C7F300EAE1FF /* User.swift */; };
		E7D5BDF329A6CA0600EAE1FF /* Ext+UIViewController.swift in Sources */ = {isa = PBXBuildFile; fileRef = E7D5BDF229A6CA0600EAE1FF /* Ext+UIViewController.swift */; };
		E7D5BDF529A6D80D00EAE1FF /* UserService.swift in Sources */ = {isa = PBXBuildFile; fileRef = E7D5BDF429A6D80D00EAE1FF /* UserService.swift */; };
		E7D5BDF929A6DB5900EAE1FF /* CartScreen.swift in Sources */ = {isa = PBXBuildFile; fileRef = E7D5BDF829A6DB5900EAE1FF /* CartScreen.swift */; };
		E7D5BDFB29A6DC9F00EAE1FF /* CartTableView.swift in Sources */ = {isa = PBXBuildFile; fileRef = E7D5BDFA29A6DC9F00EAE1FF /* CartTableView.swift */; };
		E7D5BDFD29A6DD9C00EAE1FF /* CartCell.swift in Sources */ = {isa = PBXBuildFile; fileRef = E7D5BDFC29A6DD9C00EAE1FF /* CartCell.swift */; };
		E7D5BDFF29A6EB7F00EAE1FF /* TableViewHeader.swift in Sources */ = {isa = PBXBuildFile; fileRef = E7D5BDFE29A6EB7F00EAE1FF /* TableViewHeader.swift */; };
		E7D5BE0129A6EB9900EAE1FF /* TableViewFooter.swift in Sources */ = {isa = PBXBuildFile; fileRef = E7D5BE0029A6EB9900EAE1FF /* TableViewFooter.swift */; };
/* End PBXBuildFile section */

/* Begin PBXFileReference section */
		E724ED6629A503CB00DE3856 /* MainTabbarController.swift */ = {isa = PBXFileReference; lastKnownFileType = sourcecode.swift; path = MainTabbarController.swift; sourceTree = "<group>"; };
		E724ED6829A5094A00DE3856 /* CategoryScreen.swift */ = {isa = PBXFileReference; lastKnownFileType = sourcecode.swift; path = CategoryScreen.swift; sourceTree = "<group>"; };
		E724ED6A29A52E9C00DE3856 /* CategoryDetailScreen.swift */ = {isa = PBXFileReference; lastKnownFileType = sourcecode.swift; path = CategoryDetailScreen.swift; sourceTree = "<group>"; };
		E724ED6C29A5385800DE3856 /* AuthorDetailScreen.swift */ = {isa = PBXFileReference; lastKnownFileType = sourcecode.swift; path = AuthorDetailScreen.swift; sourceTree = "<group>"; };
		E724ED6E29A5688700DE3856 /* SignUpScreen.swift */ = {isa = PBXFileReference; lastKnownFileType = sourcecode.swift; path = SignUpScreen.swift; sourceTree = "<group>"; };
		E724ED7029A568A000DE3856 /* LoginScreen.swift */ = {isa = PBXFileReference; lastKnownFileType = sourcecode.swift; path = LoginScreen.swift; sourceTree = "<group>"; };
		E724ED7229A56F7900DE3856 /* CustomTextField.swift */ = {isa = PBXFileReference; lastKnownFileType = sourcecode.swift; path = CustomTextField.swift; sourceTree = "<group>"; };
		E724ED7429A57CF400DE3856 /* CustomLoginButton.swift */ = {isa = PBXFileReference; lastKnownFileType = sourcecode.swift; path = CustomLoginButton.swift; sourceTree = "<group>"; };
		E724ED7629A5846000DE3856 /* AuthService.swift */ = {isa = PBXFileReference; lastKnownFileType = sourcecode.swift; path = AuthService.swift; sourceTree = "<group>"; };
		E72D955529AA5D24003DFF1A /* CartBook.swift */ = {isa = PBXFileReference; lastKnownFileType = sourcecode.swift; path = CartBook.swift; sourceTree = "<group>"; };
		E72D955729AAB587003DFF1A /* ProfileScreen.swift */ = {isa = PBXFileReference; lastKnownFileType = sourcecode.swift; path = ProfileScreen.swift; sourceTree = "<group>"; };
		E72D955A29AAD37F003DFF1A /* FavoritedScreen.swift */ = {isa = PBXFileReference; lastKnownFileType = sourcecode.swift; path = FavoritedScreen.swift; sourceTree = "<group>"; };
		E790282129A3C2D30077E881 /* Book-App.app */ = {isa = PBXFileReference; explicitFileType = wrapper.application; includeInIndex = 0; path = "Book-App.app"; sourceTree = BUILT_PRODUCTS_DIR; };
		E790282429A3C2D30077E881 /* AppDelegate.swift */ = {isa = PBXFileReference; lastKnownFileType = sourcecode.swift; path = AppDelegate.swift; sourceTree = "<group>"; };
		E790282629A3C2D30077E881 /* SceneDelegate.swift */ = {isa = PBXFileReference; lastKnownFileType = sourcecode.swift; path = SceneDelegate.swift; sourceTree = "<group>"; };
		E790282829A3C2D30077E881 /* ViewController.swift */ = {isa = PBXFileReference; lastKnownFileType = sourcecode.swift; path = ViewController.swift; sourceTree = "<group>"; };
		E790282D29A3C2D40077E881 /* Assets.xcassets */ = {isa = PBXFileReference; lastKnownFileType = folder.assetcatalog; path = Assets.xcassets; sourceTree = "<group>"; };
		E790283029A3C2D40077E881 /* Base */ = {isa = PBXFileReference; lastKnownFileType = file.storyboard; name = Base; path = Base.lproj/LaunchScreen.storyboard; sourceTree = "<group>"; };
		E790283229A3C2D40077E881 /* Info.plist */ = {isa = PBXFileReference; lastKnownFileType = text.plist.xml; path = Info.plist; sourceTree = "<group>"; };
		E790285729A3C4090077E881 /* GoogleService-Info.plist */ = {isa = PBXFileReference; fileEncoding = 4; lastKnownFileType = text.plist.xml; path = "GoogleService-Info.plist"; sourceTree = "<group>"; };
		E790286129A3D8EB0077E881 /* BookCollectionView.swift */ = {isa = PBXFileReference; lastKnownFileType = sourcecode.swift; path = BookCollectionView.swift; sourceTree = "<group>"; };
		E790286329A3E1430077E881 /* BookCell.swift */ = {isa = PBXFileReference; lastKnownFileType = sourcecode.swift; path = BookCell.swift; sourceTree = "<group>"; };
		E790286529A3E9150077E881 /* Ext+UIView.swift */ = {isa = PBXFileReference; lastKnownFileType = sourcecode.swift; path = "Ext+UIView.swift"; sourceTree = "<group>"; };
		E790286729A409960077E881 /* data.json */ = {isa = PBXFileReference; fileEncoding = 4; lastKnownFileType = text.json; path = data.json; sourceTree = "<group>"; };
		E790286929A409F20077E881 /* Book.swift */ = {isa = PBXFileReference; lastKnownFileType = sourcecode.swift; path = Book.swift; sourceTree = "<group>"; };
		E790287129A40E720077E881 /* BookService.swift */ = {isa = PBXFileReference; lastKnownFileType = sourcecode.swift; path = BookService.swift; sourceTree = "<group>"; };
		E790287329A422860077E881 /* BookDetailPage.swift */ = {isa = PBXFileReference; lastKnownFileType = sourcecode.swift; path = BookDetailPage.swift; sourceTree = "<group>"; };
		E790287529A423590077E881 /* Bindable.swift */ = {isa = PBXFileReference; lastKnownFileType = sourcecode.swift; path = Bindable.swift; sourceTree = "<group>"; };
		E7D5BDF029A6C7F300EAE1FF /* User.swift */ = {isa = PBXFileReference; lastKnownFileType = sourcecode.swift; path = User.swift; sourceTree = "<group>"; };
		E7D5BDF229A6CA0600EAE1FF /* Ext+UIViewController.swift */ = {isa = PBXFileReference; lastKnownFileType = sourcecode.swift; path = "Ext+UIViewController.swift"; sourceTree = "<group>"; };
		E7D5BDF429A6D80D00EAE1FF /* UserService.swift */ = {isa = PBXFileReference; lastKnownFileType = sourcecode.swift; path = UserService.swift; sourceTree = "<group>"; };
		E7D5BDF829A6DB5900EAE1FF /* CartScreen.swift */ = {isa = PBXFileReference; lastKnownFileType = sourcecode.swift; path = CartScreen.swift; sourceTree = "<group>"; };
		E7D5BDFA29A6DC9F00EAE1FF /* CartTableView.swift */ = {isa = PBXFileReference; lastKnownFileType = sourcecode.swift; path = CartTableView.swift; sourceTree = "<group>"; };
		E7D5BDFC29A6DD9C00EAE1FF /* CartCell.swift */ = {isa = PBXFileReference; lastKnownFileType = sourcecode.swift; path = CartCell.swift; sourceTree = "<group>"; };
		E7D5BDFE29A6EB7F00EAE1FF /* TableViewHeader.swift */ = {isa = PBXFileReference; lastKnownFileType = sourcecode.swift; path = TableViewHeader.swift; sourceTree = "<group>"; };
		E7D5BE0029A6EB9900EAE1FF /* TableViewFooter.swift */ = {isa = PBXFileReference; lastKnownFileType = sourcecode.swift; path = TableViewFooter.swift; sourceTree = "<group>"; };
/* End PBXFileReference section */

/* Begin PBXFrameworksBuildPhase section */
		E790281E29A3C2D30077E881 /* Frameworks */ = {
			isa = PBXFrameworksBuildPhase;
			buildActionMask = 2147483647;
			files = (
				E790284E29A3C3610077E881 /* FirebaseStorageCombine-Community in Frameworks */,
				E790284029A3C3610077E881 /* FirebaseDatabaseSwift in Frameworks */,
				E790283E29A3C3610077E881 /* FirebaseDatabase in Frameworks */,
				E790284A29A3C3610077E881 /* FirebaseFunctionsCombine-Community in Frameworks */,
				E790285129A3C3850077E881 /* JGProgressHUD in Frameworks */,
				E790284C29A3C3610077E881 /* FirebaseStorage in Frameworks */,
				E790283A29A3C3610077E881 /* FirebaseAuth in Frameworks */,
				E790284829A3C3610077E881 /* FirebaseFunctions in Frameworks */,
				E790284629A3C3610077E881 /* FirebaseFirestoreSwift in Frameworks */,
				E790284429A3C3610077E881 /* FirebaseFirestoreCombine-Community in Frameworks */,
				E790285429A3C3B50077E881 /* SDWebImage in Frameworks */,
				E790284229A3C3610077E881 /* FirebaseFirestore in Frameworks */,
				E790285629A3C3B50077E881 /* SDWebImageMapKit in Frameworks */,
				E790283C29A3C3610077E881 /* FirebaseAuthCombine-Community in Frameworks */,
			);
			runOnlyForDeploymentPostprocessing = 0;
		};
/* End PBXFrameworksBuildPhase section */

/* Begin PBXGroup section */
		E790281829A3C2D30077E881 = {
			isa = PBXGroup;
			children = (
				E790282329A3C2D30077E881 /* Book-App */,
				E790282229A3C2D30077E881 /* Products */,
			);
			sourceTree = "<group>";
		};
		E790282229A3C2D30077E881 /* Products */ = {
			isa = PBXGroup;
			children = (
				E790282129A3C2D30077E881 /* Book-App.app */,
			);
			name = Products;
			sourceTree = "<group>";
		};
		E790282329A3C2D30077E881 /* Book-App */ = {
			isa = PBXGroup;
			children = (
				E790287029A40E4A0077E881 /* FirebaseManager */,
				E790286F29A40E130077E881 /* Views */,
				E790286D29A40DF00077E881 /* Delegate */,
				E790286C29A40DE40077E881 /* Controller */,
				E790286B29A40DDA0077E881 /* Model */,
				E790282D29A3C2D40077E881 /* Assets.xcassets */,
				E790282F29A3C2D40077E881 /* LaunchScreen.storyboard */,
				E790283229A3C2D40077E881 /* Info.plist */,
				E790285729A3C4090077E881 /* GoogleService-Info.plist */,
				E790286529A3E9150077E881 /* Ext+UIView.swift */,
				E790286729A409960077E881 /* data.json */,
				E790287529A423590077E881 /* Bindable.swift */,
				E7D5BDF229A6CA0600EAE1FF /* Ext+UIViewController.swift */,
			);
			path = "Book-App";
			sourceTree = "<group>";
		};
		E790286B29A40DDA0077E881 /* Model */ = {
			isa = PBXGroup;
			children = (
				E790286929A409F20077E881 /* Book.swift */,
				E7D5BDF029A6C7F300EAE1FF /* User.swift */,
				E72D955529AA5D24003DFF1A /* CartBook.swift */,
			);
			path = Model;
			sourceTree = "<group>";
		};
		E790286C29A40DE40077E881 /* Controller */ = {
			isa = PBXGroup;
			children = (
				E724ED6629A503CB00DE3856 /* MainTabbarController.swift */,
				E790282829A3C2D30077E881 /* ViewController.swift */,
				E790287329A422860077E881 /* BookDetailPage.swift */,
				E724ED6829A5094A00DE3856 /* CategoryScreen.swift */,
				E724ED6A29A52E9C00DE3856 /* CategoryDetailScreen.swift */,
				E724ED6C29A5385800DE3856 /* AuthorDetailScreen.swift */,
				E724ED6E29A5688700DE3856 /* SignUpScreen.swift */,
				E724ED7029A568A000DE3856 /* LoginScreen.swift */,
				E7D5BDF829A6DB5900EAE1FF /* CartScreen.swift */,
				E72D955729AAB587003DFF1A /* ProfileScreen.swift */,
				E72D955A29AAD37F003DFF1A /* FavoritedScreen.swift */,
			);
			path = Controller;
			sourceTree = "<group>";
		};
		E790286D29A40DF00077E881 /* Delegate */ = {
			isa = PBXGroup;
			children = (
				E790282629A3C2D30077E881 /* SceneDelegate.swift */,
				E790282429A3C2D30077E881 /* AppDelegate.swift */,
			);
			path = Delegate;
			sourceTree = "<group>";
		};
		E790286F29A40E130077E881 /* Views */ = {
			isa = PBXGroup;
			children = (
				E790286329A3E1430077E881 /* BookCell.swift */,
				E790286129A3D8EB0077E881 /* BookCollectionView.swift */,
				E724ED7229A56F7900DE3856 /* CustomTextField.swift */,
				E724ED7429A57CF400DE3856 /* CustomLoginButton.swift */,
				E7D5BDFA29A6DC9F00EAE1FF /* CartTableView.swift */,
				E7D5BDFC29A6DD9C00EAE1FF /* CartCell.swift */,
				E7D5BDFE29A6EB7F00EAE1FF /* TableViewHeader.swift */,
				E7D5BE0029A6EB9900EAE1FF /* TableViewFooter.swift */,
			);
			path = Views;
			sourceTree = "<group>";
		};
		E790287029A40E4A0077E881 /* FirebaseManager */ = {
			isa = PBXGroup;
			children = (
				E790287129A40E720077E881 /* BookService.swift */,
				E724ED7629A5846000DE3856 /* AuthService.swift */,
				E7D5BDF429A6D80D00EAE1FF /* UserService.swift */,
			);
			path = FirebaseManager;
			sourceTree = "<group>";
		};
/* End PBXGroup section */

/* Begin PBXNativeTarget section */
		E790282029A3C2D30077E881 /* Book-App */ = {
			isa = PBXNativeTarget;
			buildConfigurationList = E790283529A3C2D40077E881 /* Build configuration list for PBXNativeTarget "Book-App" */;
			buildPhases = (
				E790281D29A3C2D30077E881 /* Sources */,
				E790281E29A3C2D30077E881 /* Frameworks */,
				E790281F29A3C2D30077E881 /* Resources */,
			);
			buildRules = (
			);
			dependencies = (
			);
			name = "Book-App";
			packageProductDependencies = (
				E790283929A3C3610077E881 /* FirebaseAuth */,
				E790283B29A3C3610077E881 /* FirebaseAuthCombine-Community */,
				E790283D29A3C3610077E881 /* FirebaseDatabase */,
				E790283F29A3C3610077E881 /* FirebaseDatabaseSwift */,
				E790284129A3C3610077E881 /* FirebaseFirestore */,
				E790284329A3C3610077E881 /* FirebaseFirestoreCombine-Community */,
				E790284529A3C3610077E881 /* FirebaseFirestoreSwift */,
				E790284729A3C3610077E881 /* FirebaseFunctions */,
				E790284929A3C3610077E881 /* FirebaseFunctionsCombine-Community */,
				E790284B29A3C3610077E881 /* FirebaseStorage */,
				E790284D29A3C3610077E881 /* FirebaseStorageCombine-Community */,
				E790285029A3C3850077E881 /* JGProgressHUD */,
				E790285329A3C3B50077E881 /* SDWebImage */,
				E790285529A3C3B50077E881 /* SDWebImageMapKit */,
			);
			productName = "Book-App";
			productReference = E790282129A3C2D30077E881 /* Book-App.app */;
			productType = "com.apple.product-type.application";
		};
/* End PBXNativeTarget section */

/* Begin PBXProject section */
		E790281929A3C2D30077E881 /* Project object */ = {
			isa = PBXProject;
			attributes = {
				BuildIndependentTargetsInParallel = 1;
				LastSwiftUpdateCheck = 1420;
				LastUpgradeCheck = 1420;
				TargetAttributes = {
					E790282029A3C2D30077E881 = {
						CreatedOnToolsVersion = 14.2;
					};
				};
			};
			buildConfigurationList = E790281C29A3C2D30077E881 /* Build configuration list for PBXProject "Book-App" */;
			compatibilityVersion = "Xcode 14.0";
			developmentRegion = en;
			hasScannedForEncodings = 0;
			knownRegions = (
				en,
				Base,
			);
			mainGroup = E790281829A3C2D30077E881;
			packageReferences = (
				E790283829A3C3610077E881 /* XCRemoteSwiftPackageReference "firebase-ios-sdk" */,
				E790284F29A3C3850077E881 /* XCRemoteSwiftPackageReference "JGProgressHUD" */,
				E790285229A3C3B50077E881 /* XCRemoteSwiftPackageReference "SDWebImage" */,
			);
			productRefGroup = E790282229A3C2D30077E881 /* Products */;
			projectDirPath = "";
			projectRoot = "";
			targets = (
				E790282029A3C2D30077E881 /* Book-App */,
			);
		};
/* End PBXProject section */

/* Begin PBXResourcesBuildPhase section */
		E790281F29A3C2D30077E881 /* Resources */ = {
			isa = PBXResourcesBuildPhase;
			buildActionMask = 2147483647;
			files = (
				E790283129A3C2D40077E881 /* LaunchScreen.storyboard in Resources */,
				E790285829A3C40A0077E881 /* GoogleService-Info.plist in Resources */,
				E790282E29A3C2D40077E881 /* Assets.xcassets in Resources */,
				E790286829A409960077E881 /* data.json in Resources */,
			);
			runOnlyForDeploymentPostprocessing = 0;
		};
/* End PBXResourcesBuildPhase section */

/* Begin PBXSourcesBuildPhase section */
		E790281D29A3C2D30077E881 /* Sources */ = {
			isa = PBXSourcesBuildPhase;
			buildActionMask = 2147483647;
			files = (
				E790287629A423590077E881 /* Bindable.swift in Sources */,
				E7D5BDF929A6DB5900EAE1FF /* CartScreen.swift in Sources */,
				E724ED6B29A52E9C00DE3856 /* CategoryDetailScreen.swift in Sources */,
				E790287229A40E720077E881 /* BookService.swift in Sources */,
				E7D5BDFF29A6EB7F00EAE1FF /* TableViewHeader.swift in Sources */,
				E790286629A3E9150077E881 /* Ext+UIView.swift in Sources */,
				E72D955B29AAD37F003DFF1A /* FavoritedScreen.swift in Sources */,
				E790282929A3C2D30077E881 /* ViewController.swift in Sources */,
				E7D5BDFD29A6DD9C00EAE1FF /* CartCell.swift in Sources */,
				E724ED7129A568A000DE3856 /* LoginScreen.swift in Sources */,
				E7D5BDF529A6D80D00EAE1FF /* UserService.swift in Sources */,
				E724ED7729A5846000DE3856 /* AuthService.swift in Sources */,
				E724ED6F29A5688700DE3856 /* SignUpScreen.swift in Sources */,
				E7D5BDF129A6C7F300EAE1FF /* User.swift in Sources */,
				E7D5BDFB29A6DC9F00EAE1FF /* CartTableView.swift in Sources */,
				E724ED6D29A5385800DE3856 /* AuthorDetailScreen.swift in Sources */,
				E7D5BE0129A6EB9900EAE1FF /* TableViewFooter.swift in Sources */,
				E724ED7329A56F7900DE3856 /* CustomTextField.swift in Sources */,
				E790287429A422860077E881 /* BookDetailPage.swift in Sources */,
				E790286A29A409F20077E881 /* Book.swift in Sources */,
				E724ED6729A503CB00DE3856 /* MainTabbarController.swift in Sources */,
				E724ED7529A57CF400DE3856 /* CustomLoginButton.swift in Sources */,
				E790286229A3D8EB0077E881 /* BookCollectionView.swift in Sources */,
				E72D955629AA5D24003DFF1A /* CartBook.swift in Sources */,
				E790282529A3C2D30077E881 /* AppDelegate.swift in Sources */,
				E724ED6929A5094A00DE3856 /* CategoryScreen.swift in Sources */,
				E72D955829AAB587003DFF1A /* ProfileScreen.swift in Sources */,
				E7D5BDF329A6CA0600EAE1FF /* Ext+UIViewController.swift in Sources */,
				E790282729A3C2D30077E881 /* SceneDelegate.swift in Sources */,
				E790286429A3E1430077E881 /* BookCell.swift in Sources */,
			);
			runOnlyForDeploymentPostprocessing = 0;
		};
/* End PBXSourcesBuildPhase section */

/* Begin PBXVariantGroup section */
		E790282F29A3C2D40077E881 /* LaunchScreen.storyboard */ = {
			isa = PBXVariantGroup;
			children = (
				E790283029A3C2D40077E881 /* Base */,
			);
			name = LaunchScreen.storyboard;
			sourceTree = "<group>";
		};
/* End PBXVariantGroup section */

/* Begin XCBuildConfiguration section */
		E790283329A3C2D40077E881 /* Debug */ = {
			isa = XCBuildConfiguration;
			buildSettings = {
				ALWAYS_SEARCH_USER_PATHS = NO;
				CLANG_ANALYZER_NONNULL = YES;
				CLANG_ANALYZER_NUMBER_OBJECT_CONVERSION = YES_AGGRESSIVE;
				CLANG_CXX_LANGUAGE_STANDARD = "gnu++20";
				CLANG_ENABLE_MODULES = YES;
				CLANG_ENABLE_OBJC_ARC = YES;
				CLANG_ENABLE_OBJC_WEAK = YES;
				CLANG_WARN_BLOCK_CAPTURE_AUTORELEASING = YES;
				CLANG_WARN_BOOL_CONVERSION = YES;
				CLANG_WARN_COMMA = YES;
				CLANG_WARN_CONSTANT_CONVERSION = YES;
				CLANG_WARN_DEPRECATED_OBJC_IMPLEMENTATIONS = YES;
				CLANG_WARN_DIRECT_OBJC_ISA_USAGE = YES_ERROR;
				CLANG_WARN_DOCUMENTATION_COMMENTS = YES;
				CLANG_WARN_EMPTY_BODY = YES;
				CLANG_WARN_ENUM_CONVERSION = YES;
				CLANG_WARN_INFINITE_RECURSION = YES;
				CLANG_WARN_INT_CONVERSION = YES;
				CLANG_WARN_NON_LITERAL_NULL_CONVERSION = YES;
				CLANG_WARN_OBJC_IMPLICIT_RETAIN_SELF = YES;
				CLANG_WARN_OBJC_LITERAL_CONVERSION = YES;
				CLANG_WARN_OBJC_ROOT_CLASS = YES_ERROR;
				CLANG_WARN_QUOTED_INCLUDE_IN_FRAMEWORK_HEADER = YES;
				CLANG_WARN_RANGE_LOOP_ANALYSIS = YES;
				CLANG_WARN_STRICT_PROTOTYPES = YES;
				CLANG_WARN_SUSPICIOUS_MOVE = YES;
				CLANG_WARN_UNGUARDED_AVAILABILITY = YES_AGGRESSIVE;
				CLANG_WARN_UNREACHABLE_CODE = YES;
				CLANG_WARN__DUPLICATE_METHOD_MATCH = YES;
				COPY_PHASE_STRIP = NO;
				DEBUG_INFORMATION_FORMAT = dwarf;
				ENABLE_STRICT_OBJC_MSGSEND = YES;
				ENABLE_TESTABILITY = YES;
				GCC_C_LANGUAGE_STANDARD = gnu11;
				GCC_DYNAMIC_NO_PIC = NO;
				GCC_NO_COMMON_BLOCKS = YES;
				GCC_OPTIMIZATION_LEVEL = 0;
				GCC_PREPROCESSOR_DEFINITIONS = (
					"DEBUG=1",
					"$(inherited)",
				);
				GCC_WARN_64_TO_32_BIT_CONVERSION = YES;
				GCC_WARN_ABOUT_RETURN_TYPE = YES_ERROR;
				GCC_WARN_UNDECLARED_SELECTOR = YES;
				GCC_WARN_UNINITIALIZED_AUTOS = YES_AGGRESSIVE;
				GCC_WARN_UNUSED_FUNCTION = YES;
				GCC_WARN_UNUSED_VARIABLE = YES;
				IPHONEOS_DEPLOYMENT_TARGET = 16.2;
				MTL_ENABLE_DEBUG_INFO = INCLUDE_SOURCE;
				MTL_FAST_MATH = YES;
				ONLY_ACTIVE_ARCH = YES;
				SDKROOT = iphoneos;
				SWIFT_ACTIVE_COMPILATION_CONDITIONS = DEBUG;
				SWIFT_OPTIMIZATION_LEVEL = "-Onone";
			};
			name = Debug;
		};
		E790283429A3C2D40077E881 /* Release */ = {
			isa = XCBuildConfiguration;
			buildSettings = {
				ALWAYS_SEARCH_USER_PATHS = NO;
				CLANG_ANALYZER_NONNULL = YES;
				CLANG_ANALYZER_NUMBER_OBJECT_CONVERSION = YES_AGGRESSIVE;
				CLANG_CXX_LANGUAGE_STANDARD = "gnu++20";
				CLANG_ENABLE_MODULES = YES;
				CLANG_ENABLE_OBJC_ARC = YES;
				CLANG_ENABLE_OBJC_WEAK = YES;
				CLANG_WARN_BLOCK_CAPTURE_AUTORELEASING = YES;
				CLANG_WARN_BOOL_CONVERSION = YES;
				CLANG_WARN_COMMA = YES;
				CLANG_WARN_CONSTANT_CONVERSION = YES;
				CLANG_WARN_DEPRECATED_OBJC_IMPLEMENTATIONS = YES;
				CLANG_WARN_DIRECT_OBJC_ISA_USAGE = YES_ERROR;
				CLANG_WARN_DOCUMENTATION_COMMENTS = YES;
				CLANG_WARN_EMPTY_BODY = YES;
				CLANG_WARN_ENUM_CONVERSION = YES;
				CLANG_WARN_INFINITE_RECURSION = YES;
				CLANG_WARN_INT_CONVERSION = YES;
				CLANG_WARN_NON_LITERAL_NULL_CONVERSION = YES;
				CLANG_WARN_OBJC_IMPLICIT_RETAIN_SELF = YES;
				CLANG_WARN_OBJC_LITERAL_CONVERSION = YES;
				CLANG_WARN_OBJC_ROOT_CLASS = YES_ERROR;
				CLANG_WARN_QUOTED_INCLUDE_IN_FRAMEWORK_HEADER = YES;
				CLANG_WARN_RANGE_LOOP_ANALYSIS = YES;
				CLANG_WARN_STRICT_PROTOTYPES = YES;
				CLANG_WARN_SUSPICIOUS_MOVE = YES;
				CLANG_WARN_UNGUARDED_AVAILABILITY = YES_AGGRESSIVE;
				CLANG_WARN_UNREACHABLE_CODE = YES;
				CLANG_WARN__DUPLICATE_METHOD_MATCH = YES;
				COPY_PHASE_STRIP = NO;
				DEBUG_INFORMATION_FORMAT = "dwarf-with-dsym";
				ENABLE_NS_ASSERTIONS = NO;
				ENABLE_STRICT_OBJC_MSGSEND = YES;
				GCC_C_LANGUAGE_STANDARD = gnu11;
				GCC_NO_COMMON_BLOCKS = YES;
				GCC_WARN_64_TO_32_BIT_CONVERSION = YES;
				GCC_WARN_ABOUT_RETURN_TYPE = YES_ERROR;
				GCC_WARN_UNDECLARED_SELECTOR = YES;
				GCC_WARN_UNINITIALIZED_AUTOS = YES_AGGRESSIVE;
				GCC_WARN_UNUSED_FUNCTION = YES;
				GCC_WARN_UNUSED_VARIABLE = YES;
				IPHONEOS_DEPLOYMENT_TARGET = 16.2;
				MTL_ENABLE_DEBUG_INFO = NO;
				MTL_FAST_MATH = YES;
				SDKROOT = iphoneos;
				SWIFT_COMPILATION_MODE = wholemodule;
				SWIFT_OPTIMIZATION_LEVEL = "-O";
				VALIDATE_PRODUCT = YES;
			};
			name = Release;
		};
		E790283629A3C2D40077E881 /* Debug */ = {
			isa = XCBuildConfiguration;
			buildSettings = {
				ASSETCATALOG_COMPILER_APPICON_NAME = AppIcon;
				ASSETCATALOG_COMPILER_GLOBAL_ACCENT_COLOR_NAME = AccentColor;
				CODE_SIGN_STYLE = Automatic;
				CURRENT_PROJECT_VERSION = 1;
				GENERATE_INFOPLIST_FILE = YES;
				INFOPLIST_FILE = "Book-App/Info.plist";
				INFOPLIST_KEY_UIApplicationSupportsIndirectInputEvents = YES;
				INFOPLIST_KEY_UILaunchStoryboardName = LaunchScreen;
				INFOPLIST_KEY_UISupportedInterfaceOrientations_iPad = "UIInterfaceOrientationPortrait UIInterfaceOrientationPortraitUpsideDown UIInterfaceOrientationLandscapeLeft UIInterfaceOrientationLandscapeRight";
				INFOPLIST_KEY_UISupportedInterfaceOrientations_iPhone = "UIInterfaceOrientationPortrait UIInterfaceOrientationLandscapeLeft UIInterfaceOrientationLandscapeRight";
				LD_RUNPATH_SEARCH_PATHS = (
					"$(inherited)",
					"@executable_path/Frameworks",
				);
				MARKETING_VERSION = 1.0;
				PRODUCT_BUNDLE_IDENTIFIER = "kromatin.Book-App";
				PRODUCT_NAME = "$(TARGET_NAME)";
				SWIFT_EMIT_LOC_STRINGS = YES;
				SWIFT_VERSION = 5.0;
				TARGETED_DEVICE_FAMILY = "1,2";
			};
			name = Debug;
		};
		E790283729A3C2D40077E881 /* Release */ = {
			isa = XCBuildConfiguration;
			buildSettings = {
				ASSETCATALOG_COMPILER_APPICON_NAME = AppIcon;
				ASSETCATALOG_COMPILER_GLOBAL_ACCENT_COLOR_NAME = AccentColor;
				CODE_SIGN_STYLE = Automatic;
				CURRENT_PROJECT_VERSION = 1;
				GENERATE_INFOPLIST_FILE = YES;
				INFOPLIST_FILE = "Book-App/Info.plist";
				INFOPLIST_KEY_UIApplicationSupportsIndirectInputEvents = YES;
				INFOPLIST_KEY_UILaunchStoryboardName = LaunchScreen;
				INFOPLIST_KEY_UISupportedInterfaceOrientations_iPad = "UIInterfaceOrientationPortrait UIInterfaceOrientationPortraitUpsideDown UIInterfaceOrientationLandscapeLeft UIInterfaceOrientationLandscapeRight";
				INFOPLIST_KEY_UISupportedInterfaceOrientations_iPhone = "UIInterfaceOrientationPortrait UIInterfaceOrientationLandscapeLeft UIInterfaceOrientationLandscapeRight";
				LD_RUNPATH_SEARCH_PATHS = (
					"$(inherited)",
					"@executable_path/Frameworks",
				);
				MARKETING_VERSION = 1.0;
				PRODUCT_BUNDLE_IDENTIFIER = "kromatin.Book-App";
				PRODUCT_NAME = "$(TARGET_NAME)";
				SWIFT_EMIT_LOC_STRINGS = YES;
				SWIFT_VERSION = 5.0;
				TARGETED_DEVICE_FAMILY = "1,2";
			};
			name = Release;
		};
/* End XCBuildConfiguration section */

/* Begin XCConfigurationList section */
		E790281C29A3C2D30077E881 /* Build configuration list for PBXProject "Book-App" */ = {
			isa = XCConfigurationList;
			buildConfigurations = (
				E790283329A3C2D40077E881 /* Debug */,
				E790283429A3C2D40077E881 /* Release */,
			);
			defaultConfigurationIsVisible = 0;
			defaultConfigurationName = Release;
		};
		E790283529A3C2D40077E881 /* Build configuration list for PBXNativeTarget "Book-App" */ = {
			isa = XCConfigurationList;
			buildConfigurations = (
				E790283629A3C2D40077E881 /* Debug */,
				E790283729A3C2D40077E881 /* Release */,
			);
			defaultConfigurationIsVisible = 0;
			defaultConfigurationName = Release;
		};
/* End XCConfigurationList section */

/* Begin XCRemoteSwiftPackageReference section */
		E790283829A3C3610077E881 /* XCRemoteSwiftPackageReference "firebase-ios-sdk" */ = {
			isa = XCRemoteSwiftPackageReference;
			repositoryURL = "https://github.com/firebase/firebase-ios-sdk";
			requirement = {
				branch = master;
				kind = branch;
			};
		};
		E790284F29A3C3850077E881 /* XCRemoteSwiftPackageReference "JGProgressHUD" */ = {
			isa = XCRemoteSwiftPackageReference;
			repositoryURL = "https://github.com/JonasGessner/JGProgressHUD";
			requirement = {
				branch = master;
				kind = branch;
			};
		};
		E790285229A3C3B50077E881 /* XCRemoteSwiftPackageReference "SDWebImage" */ = {
			isa = XCRemoteSwiftPackageReference;
			repositoryURL = "https://github.com/SDWebImage/SDWebImage";
			requirement = {
				branch = master;
				kind = branch;
			};
		};
/* End XCRemoteSwiftPackageReference section */

/* Begin XCSwiftPackageProductDependency section */
		E790283929A3C3610077E881 /* FirebaseAuth */ = {
			isa = XCSwiftPackageProductDependency;
			package = E790283829A3C3610077E881 /* XCRemoteSwiftPackageReference "firebase-ios-sdk" */;
			productName = FirebaseAuth;
		};
		E790283B29A3C3610077E881 /* FirebaseAuthCombine-Community */ = {
			isa = XCSwiftPackageProductDependency;
			package = E790283829A3C3610077E881 /* XCRemoteSwiftPackageReference "firebase-ios-sdk" */;
			productName = "FirebaseAuthCombine-Community";
		};
		E790283D29A3C3610077E881 /* FirebaseDatabase */ = {
			isa = XCSwiftPackageProductDependency;
			package = E790283829A3C3610077E881 /* XCRemoteSwiftPackageReference "firebase-ios-sdk" */;
			productName = FirebaseDatabase;
		};
		E790283F29A3C3610077E881 /* FirebaseDatabaseSwift */ = {
			isa = XCSwiftPackageProductDependency;
			package = E790283829A3C3610077E881 /* XCRemoteSwiftPackageReference "firebase-ios-sdk" */;
			productName = FirebaseDatabaseSwift;
		};
		E790284129A3C3610077E881 /* FirebaseFirestore */ = {
			isa = XCSwiftPackageProductDependency;
			package = E790283829A3C3610077E881 /* XCRemoteSwiftPackageReference "firebase-ios-sdk" */;
			productName = FirebaseFirestore;
		};
		E790284329A3C3610077E881 /* FirebaseFirestoreCombine-Community */ = {
			isa = XCSwiftPackageProductDependency;
			package = E790283829A3C3610077E881 /* XCRemoteSwiftPackageReference "firebase-ios-sdk" */;
			productName = "FirebaseFirestoreCombine-Community";
		};
		E790284529A3C3610077E881 /* FirebaseFirestoreSwift */ = {
			isa = XCSwiftPackageProductDependency;
			package = E790283829A3C3610077E881 /* XCRemoteSwiftPackageReference "firebase-ios-sdk" */;
			productName = FirebaseFirestoreSwift;
		};
		E790284729A3C3610077E881 /* FirebaseFunctions */ = {
			isa = XCSwiftPackageProductDependency;
			package = E790283829A3C3610077E881 /* XCRemoteSwiftPackageReference "firebase-ios-sdk" */;
			productName = FirebaseFunctions;
		};
		E790284929A3C3610077E881 /* FirebaseFunctionsCombine-Community */ = {
			isa = XCSwiftPackageProductDependency;
			package = E790283829A3C3610077E881 /* XCRemoteSwiftPackageReference "firebase-ios-sdk" */;
			productName = "FirebaseFunctionsCombine-Community";
		};
		E790284B29A3C3610077E881 /* FirebaseStorage */ = {
			isa = XCSwiftPackageProductDependency;
			package = E790283829A3C3610077E881 /* XCRemoteSwiftPackageReference "firebase-ios-sdk" */;
			productName = FirebaseStorage;
		};
		E790284D29A3C3610077E881 /* FirebaseStorageCombine-Community */ = {
			isa = XCSwiftPackageProductDependency;
			package = E790283829A3C3610077E881 /* XCRemoteSwiftPackageReference "firebase-ios-sdk" */;
			productName = "FirebaseStorageCombine-Community";
		};
		E790285029A3C3850077E881 /* JGProgressHUD */ = {
			isa = XCSwiftPackageProductDependency;
			package = E790284F29A3C3850077E881 /* XCRemoteSwiftPackageReference "JGProgressHUD" */;
			productName = JGProgressHUD;
		};
		E790285329A3C3B50077E881 /* SDWebImage */ = {
			isa = XCSwiftPackageProductDependency;
			package = E790285229A3C3B50077E881 /* XCRemoteSwiftPackageReference "SDWebImage" */;
			productName = SDWebImage;
		};
		E790285529A3C3B50077E881 /* SDWebImageMapKit */ = {
			isa = XCSwiftPackageProductDependency;
			package = E790285229A3C3B50077E881 /* XCRemoteSwiftPackageReference "SDWebImage" */;
			productName = SDWebImageMapKit;
		};
/* End XCSwiftPackageProductDependency section */
	};
	rootObject = E790281929A3C2D30077E881 /* Project object */;
}
